
Microsoft Visual Studio Solution File, Format Version 12.00
# Visual Studio Version 16
VisualStudioVersion = 16.0.30621.155
MinimumVisualStudioVersion = 10.0.40219.1
Project("{2150E333-8FDC-42A3-9474-1A3956D46DE8}") = "1 - Application", "1 - Application", "{C6AD0AE8-1FD7-42AC-BED2-C7B12A3169CC}"
EndProject
Project("{2150E333-8FDC-42A3-9474-1A3956D46DE8}") = "2 - Domain", "2 - Domain", "{BCF6C907-E716-473C-84B7-6092782AA2C4}"
EndProject
Project("{2150E333-8FDC-42A3-9474-1A3956D46DE8}") = "3 - Service", "3 - Service", "{0F7B0282-476D-468B-A54D-21B2C2C65CCB}"
EndProject
Project("{2150E333-8FDC-42A3-9474-1A3956D46DE8}") = "4 - Infra", "4 - Infra", "{D83173F9-9025-4910-877C-EC73F3174DF1}"
EndProject
Project("{2150E333-8FDC-42A3-9474-1A3956D46DE8}") = "4.1 - Data", "4.1 - Data", "{51C586E0-9B2A-45A8-AA21-37E930D69D2C}"
EndProject
Project("{2150E333-8FDC-42A3-9474-1A3956D46DE8}") = "4.2 - CrossCutting", "4.2 - CrossCutting", "{966C259A-0522-4F72-890A-BFE402E3B1AD}"
EndProject
Project("{FAE04EC0-301F-11D3-BF4B-00C04F79EFBC}") = "MDB.Domain", "MDB.Domain\MDB.Domain.csproj", "{90003F34-7AEA-44C8-848B-2943E0BB7AAB}"
EndProject
Project("{FAE04EC0-301F-11D3-BF4B-00C04F79EFBC}") = "MDB.Application", "MDB.Application\MDB.Application.csproj", "{BA708FAE-1EA7-4ABB-B273-E94D5ED373C9}"
EndProject
Project("{FAE04EC0-301F-11D3-BF4B-00C04F79EFBC}") = "MDB.Service", "MDB.Service\MDB.Service.csproj", "{F4DCF910-4243-4CDB-8871-45874A8748EF}"
EndProject
Project("{FAE04EC0-301F-11D3-BF4B-00C04F79EFBC}") = "MDB.Infra.Data", "MDB.Infra.Data\MDB.Infra.Data.csproj", "{6AE285D5-B0D7-42B4-BAF4-87F4EE99002E}"
EndProject
Project("{FAE04EC0-301F-11D3-BF4B-00C04F79EFBC}") = "MDB.Infra.CrossCutting", "MDB.Infra.CrossCutting\MDB.Infra.CrossCutting.csproj", "{F8872939-F93D-40ED-B9DC-6627E779FADD}"
EndProject
Global
	GlobalSection(SolutionConfigurationPlatforms) = preSolution
		Debug|Any CPU = Debug|Any CPU
		Release|Any CPU = Release|Any CPU
	EndGlobalSection
	GlobalSection(ProjectConfigurationPlatforms) = postSolution
		{90003F34-7AEA-44C8-848B-2943E0BB7AAB}.Debug|Any CPU.ActiveCfg = Debug|Any CPU
		{90003F34-7AEA-44C8-848B-2943E0BB7AAB}.Debug|Any CPU.Build.0 = Debug|Any CPU
		{90003F34-7AEA-44C8-848B-2943E0BB7AAB}.Release|Any CPU.ActiveCfg = Release|Any CPU
		{90003F34-7AEA-44C8-848B-2943E0BB7AAB}.Release|Any CPU.Build.0 = Release|Any CPU
		{BA708FAE-1EA7-4ABB-B273-E94D5ED373C9}.Debug|Any CPU.ActiveCfg = Debug|Any CPU
		{BA708FAE-1EA7-4ABB-B273-E94D5ED373C9}.Debug|Any CPU.Build.0 = Debug|Any CPU
		{BA708FAE-1EA7-4ABB-B273-E94D5ED373C9}.Release|Any CPU.ActiveCfg = Release|Any CPU
		{BA708FAE-1EA7-4ABB-B273-E94D5ED373C9}.Release|Any CPU.Build.0 = Release|Any CPU
		{F4DCF910-4243-4CDB-8871-45874A8748EF}.Debug|Any CPU.ActiveCfg = Debug|Any CPU
		{F4DCF910-4243-4CDB-8871-45874A8748EF}.Debug|Any CPU.Build.0 = Debug|Any CPU
		{F4DCF910-4243-4CDB-8871-45874A8748EF}.Release|Any CPU.ActiveCfg = Release|Any CPU
		{F4DCF910-4243-4CDB-8871-45874A8748EF}.Release|Any CPU.Build.0 = Release|Any CPU
		{6AE285D5-B0D7-42B4-BAF4-87F4EE99002E}.Debug|Any CPU.ActiveCfg = Debug|Any CPU
		{6AE285D5-B0D7-42B4-BAF4-87F4EE99002E}.Debug|Any CPU.Build.0 = Debug|Any CPU
		{6AE285D5-B0D7-42B4-BAF4-87F4EE99002E}.Release|Any CPU.ActiveCfg = Release|Any CPU
		{6AE285D5-B0D7-42B4-BAF4-87F4EE99002E}.Release|Any CPU.Build.0 = Release|Any CPU
		{F8872939-F93D-40ED-B9DC-6627E779FADD}.Debug|Any CPU.ActiveCfg = Debug|Any CPU
		{F8872939-F93D-40ED-B9DC-6627E779FADD}.Debug|Any CPU.Build.0 = Debug|Any CPU
		{F8872939-F93D-40ED-B9DC-6627E779FADD}.Release|Any CPU.ActiveCfg = Release|Any CPU
		{F8872939-F93D-40ED-B9DC-6627E779FADD}.Release|Any CPU.Build.0 = Release|Any CPU
	EndGlobalSection
	GlobalSection(SolutionProperties) = preSolution
		HideSolutionNode = FALSE
	EndGlobalSection
	GlobalSection(NestedProjects) = preSolution
		{51C586E0-9B2A-45A8-AA21-37E930D69D2C} = {D83173F9-9025-4910-877C-EC73F3174DF1}
		{966C259A-0522-4F72-890A-BFE402E3B1AD} = {D83173F9-9025-4910-877C-EC73F3174DF1}
		{90003F34-7AEA-44C8-848B-2943E0BB7AAB} = {BCF6C907-E716-473C-84B7-6092782AA2C4}
		{BA708FAE-1EA7-4ABB-B273-E94D5ED373C9} = {C6AD0AE8-1FD7-42AC-BED2-C7B12A3169CC}
		{F4DCF910-4243-4CDB-8871-45874A8748EF} = {0F7B0282-476D-468B-A54D-21B2C2C65CCB}
		{6AE285D5-B0D7-42B4-BAF4-87F4EE99002E} = {51C586E0-9B2A-45A8-AA21-37E930D69D2C}
		{F8872939-F93D-40ED-B9DC-6627E779FADD} = {966C259A-0522-4F72-890A-BFE402E3B1AD}
	EndGlobalSection
	GlobalSection(ExtensibilityGlobals) = postSolution
		SolutionGuid = {31611119-443E-40D9-87BD-7BB093447AB7}
	EndGlobalSection
EndGlobal
